
Microsoft Visual Studio Solution File, Format Version 12.00
# Visual Studio 14
VisualStudioVersion = 14.0.23107.0
MinimumVisualStudioVersion = 10.0.40219.1
Project("{FAE04EC0-301F-11D3-BF4B-00C04F79EFBC}") = "mysqlDao_v1", "mysqlHelper_v1\mysqlDao_v1.csproj", "{E7951712-9171-4222-BECB-4574C86A9937}"
EndProject
Project("{FAE04EC0-301F-11D3-BF4B-00C04F79EFBC}") = "avcbuilder1", "avcbuilder1\avcbuilder1.csproj", "{395BF78D-B0E7-4B48-8E4C-8E55C97F7983}"
EndProject
Global
	GlobalSection(SolutionConfigurationPlatforms) = preSolution
		Debug|Any CPU = Debug|Any CPU
		Debug|x86 = Debug|x86
		Release|Any CPU = Release|Any CPU
		Release|x86 = Release|x86
	EndGlobalSection
	GlobalSection(ProjectConfigurationPlatforms) = postSolution
		{E7951712-9171-4222-BECB-4574C86A9937}.Debug|Any CPU.ActiveCfg = Debug|Any CPU
		{E7951712-9171-4222-BECB-4574C86A9937}.Debug|Any CPU.Build.0 = Debug|Any CPU
		{E7951712-9171-4222-BECB-4574C86A9937}.Debug|x86.ActiveCfg = Debug|x86
		{E7951712-9171-4222-BECB-4574C86A9937}.Debug|x86.Build.0 = Debug|x86
		{E7951712-9171-4222-BECB-4574C86A9937}.Release|Any CPU.ActiveCfg = Release|Any CPU
		{E7951712-9171-4222-BECB-4574C86A9937}.Release|Any CPU.Build.0 = Release|Any CPU
		{E7951712-9171-4222-BECB-4574C86A9937}.Release|x86.ActiveCfg = Release|x86
		{E7951712-9171-4222-BECB-4574C86A9937}.Release|x86.Build.0 = Release|x86
		{395BF78D-B0E7-4B48-8E4C-8E55C97F7983}.Debug|Any CPU.ActiveCfg = Debug|Any CPU
		{395BF78D-B0E7-4B48-8E4C-8E55C97F7983}.Debug|Any CPU.Build.0 = Debug|Any CPU
		{395BF78D-B0E7-4B48-8E4C-8E55C97F7983}.Debug|x86.ActiveCfg = Debug|Any CPU
		{395BF78D-B0E7-4B48-8E4C-8E55C97F7983}.Debug|x86.Build.0 = Debug|Any CPU
		{395BF78D-B0E7-4B48-8E4C-8E55C97F7983}.Release|Any CPU.ActiveCfg = Release|Any CPU
		{395BF78D-B0E7-4B48-8E4C-8E55C97F7983}.Release|Any CPU.Build.0 = Release|Any CPU
		{395BF78D-B0E7-4B48-8E4C-8E55C97F7983}.Release|x86.ActiveCfg = Release|Any CPU
		{395BF78D-B0E7-4B48-8E4C-8E55C97F7983}.Release|x86.Build.0 = Release|Any CPU
	EndGlobalSection
	GlobalSection(SolutionProperties) = preSolution
		HideSolutionNode = FALSE
	EndGlobalSection
EndGlobal
